
Microsoft Visual Studio Solution File, Format Version 12.00
# Visual Studio Version 16
VisualStudioVersion = 16.0.30225.117
MinimumVisualStudioVersion = 10.0.40219.1
Project("{FAE04EC0-301F-11D3-BF4B-00C04F79EFBC}") = "LeetCodeClassLibrary", "LeetCodeClassLibrary\LeetCodeClassLibrary.csproj", "{7DA600E0-6721-4F8B-A8DC-8C11D0E51369}"
EndProject
Project("{FAE04EC0-301F-11D3-BF4B-00C04F79EFBC}") = "LeetCodeUnitTesting", "LeetCodeUnitTesting\LeetCodeUnitTesting.csproj", "{81A6EA06-86D1-449E-AE07-6519C33A86AE}"
EndProject
Project("{FAE04EC0-301F-11D3-BF4B-00C04F79EFBC}") = "TestApplication", "TestApplication\TestApplication.csproj", "{9B3FF37A-0E4F-4CF7-BB41-8FE6FDE2039E}"
EndProject
Global
	GlobalSection(SolutionConfigurationPlatforms) = preSolution
		Debug|Any CPU = Debug|Any CPU
		Release|Any CPU = Release|Any CPU
	EndGlobalSection
	GlobalSection(ProjectConfigurationPlatforms) = postSolution
		{7DA600E0-6721-4F8B-A8DC-8C11D0E51369}.Debug|Any CPU.ActiveCfg = Debug|Any CPU
		{7DA600E0-6721-4F8B-A8DC-8C11D0E51369}.Debug|Any CPU.Build.0 = Debug|Any CPU
		{7DA600E0-6721-4F8B-A8DC-8C11D0E51369}.Release|Any CPU.ActiveCfg = Release|Any CPU
		{7DA600E0-6721-4F8B-A8DC-8C11D0E51369}.Release|Any CPU.Build.0 = Release|Any CPU
		{81A6EA06-86D1-449E-AE07-6519C33A86AE}.Debug|Any CPU.ActiveCfg = Debug|Any CPU
		{81A6EA06-86D1-449E-AE07-6519C33A86AE}.Debug|Any CPU.Build.0 = Debug|Any CPU
		{81A6EA06-86D1-449E-AE07-6519C33A86AE}.Release|Any CPU.ActiveCfg = Release|Any CPU
		{81A6EA06-86D1-449E-AE07-6519C33A86AE}.Release|Any CPU.Build.0 = Release|Any CPU
		{9B3FF37A-0E4F-4CF7-BB41-8FE6FDE2039E}.Debug|Any CPU.ActiveCfg = Debug|Any CPU
		{9B3FF37A-0E4F-4CF7-BB41-8FE6FDE2039E}.Debug|Any CPU.Build.0 = Debug|Any CPU
		{9B3FF37A-0E4F-4CF7-BB41-8FE6FDE2039E}.Release|Any CPU.ActiveCfg = Release|Any CPU
		{9B3FF37A-0E4F-4CF7-BB41-8FE6FDE2039E}.Release|Any CPU.Build.0 = Release|Any CPU
	EndGlobalSection
	GlobalSection(SolutionProperties) = preSolution
		HideSolutionNode = FALSE
	EndGlobalSection
	GlobalSection(ExtensibilityGlobals) = postSolution
		SolutionGuid = {CF94FBB5-5D9D-446B-B30F-70467528E307}
	EndGlobalSection
EndGlobal
