
Microsoft Visual Studio Solution File, Format Version 12.00
# Visual Studio 15
VisualStudioVersion = 15.0.27130.2036
MinimumVisualStudioVersion = 10.0.40219.1
Project("{FAE04EC0-301F-11D3-BF4B-00C04F79EFBC}") = "LeetCodeClassLibrary", "LeetCodeClassLibrary\LeetCodeClassLibrary.csproj", "{DAD5F36C-815E-4B50-9D38-E9F173E374F0}"
EndProject
Project("{FAE04EC0-301F-11D3-BF4B-00C04F79EFBC}") = "LeetCodeUnitTesting", "LeetCodeUnitTesting\LeetCodeUnitTesting.csproj", "{3C263B2D-628D-4186-9364-D54832A46711}"
EndProject
Project("{FAE04EC0-301F-11D3-BF4B-00C04F79EFBC}") = "TestApplication", "TestApplication\TestApplication.csproj", "{4E25B155-C9C1-4500-B7A7-97434C9FC31E}"
EndProject
Global
	GlobalSection(SolutionConfigurationPlatforms) = preSolution
		Debug|Any CPU = Debug|Any CPU
		Release|Any CPU = Release|Any CPU
	EndGlobalSection
	GlobalSection(ProjectConfigurationPlatforms) = postSolution
		{DAD5F36C-815E-4B50-9D38-E9F173E374F0}.Debug|Any CPU.ActiveCfg = Debug|Any CPU
		{DAD5F36C-815E-4B50-9D38-E9F173E374F0}.Debug|Any CPU.Build.0 = Debug|Any CPU
		{DAD5F36C-815E-4B50-9D38-E9F173E374F0}.Release|Any CPU.ActiveCfg = Release|Any CPU
		{DAD5F36C-815E-4B50-9D38-E9F173E374F0}.Release|Any CPU.Build.0 = Release|Any CPU
		{3C263B2D-628D-4186-9364-D54832A46711}.Debug|Any CPU.ActiveCfg = Debug|Any CPU
		{3C263B2D-628D-4186-9364-D54832A46711}.Debug|Any CPU.Build.0 = Debug|Any CPU
		{3C263B2D-628D-4186-9364-D54832A46711}.Release|Any CPU.ActiveCfg = Release|Any CPU
		{3C263B2D-628D-4186-9364-D54832A46711}.Release|Any CPU.Build.0 = Release|Any CPU
		{4E25B155-C9C1-4500-B7A7-97434C9FC31E}.Debug|Any CPU.ActiveCfg = Debug|Any CPU
		{4E25B155-C9C1-4500-B7A7-97434C9FC31E}.Debug|Any CPU.Build.0 = Debug|Any CPU
		{4E25B155-C9C1-4500-B7A7-97434C9FC31E}.Release|Any CPU.ActiveCfg = Release|Any CPU
		{4E25B155-C9C1-4500-B7A7-97434C9FC31E}.Release|Any CPU.Build.0 = Release|Any CPU
	EndGlobalSection
	GlobalSection(SolutionProperties) = preSolution
		HideSolutionNode = FALSE
	EndGlobalSection
	GlobalSection(ExtensibilityGlobals) = postSolution
		SolutionGuid = {CF94FBB5-5D9D-446B-B30F-70467528E307}
	EndGlobalSection
EndGlobal
